// !$*UTF8*$!
{
	archiveVersion = 1;
	classes = {
	};
	objectVersion = 39;
	objects = {
		080E96DDFE201D6D7F000001 = {
			children = (
				DA206CF3015C4E8B03C91932,
				2C82E57F07939E4C00D28509,
				2C7447C307937C4E00FDC383,
				2C7447B50793797800FDC383,
				2C6FB982062440FA004731C7,
				2C10B9910616C1AA00598626,
			);
			isa = PBXGroup;
			name = Scripts;
			refType = 4;
			sourceTree = "<group>";
		};
//080
//081
//082
//083
//084
//100
//101
//102
//103
//104
		1058C7A0FEA54F0111CA2CBB = {
			children = (
				1058C7A1FEA54F0111CA2CBB,
				DA206CF1015C4E2903C91932,
			);
			isa = PBXGroup;
			name = "Linked Frameworks";
			refType = 4;
			sourceTree = "<group>";
		};
		1058C7A1FEA54F0111CA2CBB = {
			isa = PBXFileReference;
			lastKnownFileType = wrapper.framework;
			name = Cocoa.framework;
			path = /System/Library/Frameworks/Cocoa.framework;
			refType = 0;
			sourceTree = "<absolute>";
		};
		1058C7A2FEA54F0111CA2CBB = {
			children = (
				29B97325FDCFA39411CA2CEA,
				29B97324FDCFA39411CA2CEA,
			);
			isa = PBXGroup;
			name = "Other Frameworks";
			refType = 4;
			sourceTree = "<group>";
		};
//100
//101
//102
//103
//104
//190
//191
//192
//193
//194
		19C28FACFE9D520D11CA2CBB = {
			children = (
				2CDBB52108A066CB005B4E3D,
			);
			isa = PBXGroup;
			name = Products;
			refType = 4;
			sourceTree = "<group>";
		};
//190
//191
//192
//193
//194
//290
//291
//292
//293
//294
		29B97313FDCFA39411CA2CEA = {
			buildSettings = {
			};
			buildStyles = (
				4A9504CCFFE6A4B311CA0CBA,
				4A9504CDFFE6A4B311CA0CBA,
				2CD607E60569023A00FAFD6B,
			);
			hasScannedForEncodings = 1;
			isa = PBXProject;
			mainGroup = 29B97314FDCFA39411CA2CEA;
			projectDirPath = "";
			targets = (
				2CDBB50308A066CA005B4E3D,
			);
		};
		29B97314FDCFA39411CA2CEA = {
			children = (
				2CF7364A08A1F0E6000BD158,
				080E96DDFE201D6D7F000001,
				2C42EE0D07B3797200C8005B,
				2C13EBED08AF09620035C47A,
				2CA3150708AA7EE400ADA32C,
				29B97317FDCFA39411CA2CEA,
				29B97315FDCFA39411CA2CEA,
				29B97323FDCFA39411CA2CEA,
				19C28FACFE9D520D11CA2CBB,
			);
			isa = PBXGroup;
			name = Application;
			path = "";
			refType = 4;
			sourceTree = "<group>";
		};
		29B97315FDCFA39411CA2CEA = {
			children = (
				29B97316FDCFA39411CA2CEA,
			);
			isa = PBXGroup;
			name = "Other Sources";
			path = "";
			refType = 4;
			sourceTree = "<group>";
		};
		29B97316FDCFA39411CA2CEA = {
			fileEncoding = 30;
			isa = PBXFileReference;
			lastKnownFileType = sourcecode.c.objc;
			path = main.m;
			refType = 4;
			sourceTree = "<group>";
		};
		29B97317FDCFA39411CA2CEA = {
			children = (
				2CA3156408AB248200ADA32C,
				2CDBB52008A066CA005B4E3D,
				2CFD5E8106521AC50068FEBB,
				2C82E5900793A8E800D28509,
				2C9E42BE052215CB00248965,
				29B97318FDCFA39411CA2CEA,
				DA206CF4015C4E8B03C91932,
				2CA923B408B84A3F00A6B73C,
				2CA3155B08AB1DB100ADA32C,
			);
			isa = PBXGroup;
			name = Resources;
			path = "";
			refType = 4;
			sourceTree = "<group>";
		};
		29B97318FDCFA39411CA2CEA = {
			children = (
				2C8C1DD80520B0DB009688D1,
			);
			isa = PBXVariantGroup;
			name = MainMenu.nib;
			path = "";
			refType = 4;
			sourceTree = "<group>";
		};
		29B97323FDCFA39411CA2CEA = {
			children = (
				1058C7A0FEA54F0111CA2CBB,
				1058C7A2FEA54F0111CA2CBB,
			);
			isa = PBXGroup;
			name = Frameworks;
			path = "";
			refType = 4;
			sourceTree = "<group>";
		};
		29B97324FDCFA39411CA2CEA = {
			isa = PBXFileReference;
			lastKnownFileType = wrapper.framework;
			name = AppKit.framework;
			path = /System/Library/Frameworks/AppKit.framework;
			refType = 0;
			sourceTree = "<absolute>";
		};
		29B97325FDCFA39411CA2CEA = {
			isa = PBXFileReference;
			lastKnownFileType = wrapper.framework;
			name = Foundation.framework;
			path = /System/Library/Frameworks/Foundation.framework;
			refType = 0;
			sourceTree = "<absolute>";
		};
//290
//291
//292
//293
//294
//2C0
//2C1
//2C2
//2C3
//2C4
		2C09988B089F443C0004414C = {
			fileEncoding = "-2147483647";
			isa = PBXFileReference;
			lastKnownFileType = sourcecode.c.h;
			path = PaletteWindowController.h;
			refType = 4;
			sourceTree = "<group>";
		};
		2C09988C089F443C0004414C = {
			fileEncoding = "-2147483647";
			isa = PBXFileReference;
			lastKnownFileType = sourcecode.c.objc;
			path = PaletteWindowController.m;
			refType = 4;
			sourceTree = "<group>";
		};
		2C0B8BDD08A4744900B1ACDE = {
			fileEncoding = "-2147483647";
			isa = PBXFileReference;
			lastKnownFileType = sourcecode.applescript;
			path = SheetManager.applescript;
			refType = 4;
			sourceTree = "<group>";
		};
		2C0B8BDE08A4744900B1ACDE = {
			fileRef = 2C0B8BDD08A4744900B1ACDE;
			isa = PBXBuildFile;
			settings = {
				ATTRIBUTES = (
					Debug,
				);
			};
		};
		2C10B9910616C1AA00598626 = {
			fileEncoding = 4;
			isa = PBXFileReference;
			lastKnownFileType = sourcecode.applescript;
			path = ScriptListObj.applescript;
			refType = 4;
			sourceTree = "<group>";
		};
		2C13EBED08AF09620035C47A = {
			children = (
				2CA9241708B8C17700A6B73C,
				2CA9241808B8C17700A6B73C,
				2C13EE4808B0A1B50035C47A,
				2C13EE4908B0A1B50035C47A,
				2CF7350308A11823000BD158,
				2CF7350408A11823000BD158,
				2C09988B089F443C0004414C,
				2C09988C089F443C0004414C,
				2C3E042E08A0A572007344A9,
				2C3E042F08A0A572007344A9,
				2CA3155E08AB1E6800ADA32C,
				2CA3155F08AB1E6800ADA32C,
				2CF7373B08A20535000BD158,
				2CF7373C08A20535000BD158,
			);
			isa = PBXGroup;
			name = Classes;
			path = "";
			refType = 4;
			sourceTree = "<group>";
		};
		2C13EE4808B0A1B50035C47A = {
			fileEncoding = 4;
			isa = PBXFileReference;
			lastKnownFileType = sourcecode.c.objc;
			path = SmartActivate.m;
			refType = 4;
			sourceTree = "<group>";
		};
		2C13EE4908B0A1B50035C47A = {
			fileEncoding = 4;
			isa = PBXFileReference;
			lastKnownFileType = sourcecode.c.h;
			path = SmartActivate.h;
			refType = 4;
			sourceTree = "<group>";
		};
		2C13EE4A08B0A1B50035C47A = {
			fileRef = 2C13EE4808B0A1B50035C47A;
			isa = PBXBuildFile;
			settings = {
			};
		};
		2C13EE4B08B0A1B50035C47A = {
			fileRef = 2C13EE4908B0A1B50035C47A;
			isa = PBXBuildFile;
			settings = {
			};
		};
		2C34089508AC72D7001F6FFA = {
			isa = PBXFileReference;
			lastKnownFileType = image.png;
			path = OpenFolderIcon.png;
			refType = 4;
			sourceTree = "<group>";
		};
		2C34089608AC72D8001F6FFA = {
			fileRef = 2C34089508AC72D7001F6FFA;
			isa = PBXBuildFile;
			settings = {
			};
		};
		2C3E042E08A0A572007344A9 = {
			fileEncoding = "-2147483647";
			isa = PBXFileReference;
			lastKnownFileType = sourcecode.c.h;
			path = AppController.h;
			refType = 4;
			sourceTree = "<group>";
		};
		2C3E042F08A0A572007344A9 = {
			fileEncoding = "-2147483647";
			isa = PBXFileReference;
			lastKnownFileType = sourcecode.c.objc;
			path = AppController.m;
			refType = 4;
			sourceTree = "<group>";
		};
		2C3E043008A0A572007344A9 = {
			fileRef = 2C3E042E08A0A572007344A9;
			isa = PBXBuildFile;
			settings = {
			};
		};
		2C3E043108A0A572007344A9 = {
			fileRef = 2C3E042F08A0A572007344A9;
			isa = PBXBuildFile;
			settings = {
			};
		};
		2C42EE0D07B3797200C8005B = {
			children = (
				2C0B8BDD08A4744900B1ACDE,
				2C6FB98006243FF3004731C7,
				2CC8C941078829FA00085682,
				2CB30A4C0650EC5100BD0857,
			);
			isa = PBXGroup;
			name = "Library Scripts";
			path = "";
			refType = 4;
			sourceTree = "<group>";
		};
		2C6FB98006243FF3004731C7 = {
			fileEncoding = 4;
			isa = PBXFileReference;
			lastKnownFileType = sourcecode.applescript;
			path = MessageUtility.applescript;
			refType = 4;
			sourceTree = "<group>";
		};
		2C6FB982062440FA004731C7 = {
			fileEncoding = 4;
			isa = PBXFileReference;
			lastKnownFileType = sourcecode.applescript;
			path = UnixScriptExecuter.applescript;
			refType = 4;
			sourceTree = "<group>";
		};
		2C7447B50793797800FDC383 = {
			fileEncoding = 4;
			isa = PBXFileReference;
			lastKnownFileType = sourcecode.applescript;
			path = NewFilterScriptObj.applescript;
			refType = 4;
			sourceTree = "<group>";
		};
		2C7447C307937C4E00FDC383 = {
			fileEncoding = "-2147483647";
			isa = PBXFileReference;
			lastKnownFileType = sourcecode.applescript;
			path = ScriptSorterObj.applescript;
			refType = 4;
			sourceTree = "<group>";
		};
		2C82E57F07939E4C00D28509 = {
			fileEncoding = 4;
			isa = PBXFileReference;
			lastKnownFileType = sourcecode.applescript;
			path = FolderTableObj.applescript;
			refType = 4;
			sourceTree = "<group>";
		};
		2C82E5900793A8E800D28509 = {
			isa = PBXFileReference;
			lastKnownFileType = archive.zip;
			path = Templates.zip;
			refType = 4;
			sourceTree = "<group>";
		};
		2C8C1DD80520B0DB009688D1 = {
			isa = PBXFileReference;
			lastKnownFileType = wrapper.nib;
			name = Japanese;
			path = Japanese.lproj/MainMenu.nib;
			refType = 4;
			sourceTree = "<group>";
		};
		2C9E42BE052215CB00248965 = {
			children = (
				2C9E42C1052215F000248965,
			);
			isa = PBXVariantGroup;
			name = Localizable.strings;
			path = "";
			refType = 4;
			sourceTree = "<group>";
		};
		2C9E42C1052215F000248965 = {
			fileEncoding = 4;
			isa = PBXFileReference;
			lastKnownFileType = text.plist.strings;
			name = Japanese;
			path = Japanese.lproj/Localizable.strings;
			refType = 4;
			sourceTree = "<group>";
		};
		2CA3150508AA7ED800ADA32C = {
			isa = PBXFileReference;
			lastKnownFileType = image.png;
			path = plus.png;
			refType = 4;
			sourceTree = "<group>";
		};
		2CA3150608AA7ED800ADA32C = {
			fileRef = 2CA3150508AA7ED800ADA32C;
			isa = PBXBuildFile;
			settings = {
			};
		};
		2CA3150708AA7EE400ADA32C = {
			children = (
				2C34089508AC72D7001F6FFA,
				2CA315E908AB4DDF00ADA32C,
				2CA315EA08AB4DDF00ADA32C,
				2CA3153708AAEB1500ADA32C,
				2CA3151108AA7F4B00ADA32C,
				2CA3152A08AA813100ADA32C,
				2CA3151A08AA7FF800ADA32C,
				2CA3150508AA7ED800ADA32C,
				2CA3154208AAEC4000ADA32C,
			);
			includeInIndex = 1;
			isa = PBXGroup;
			name = "Icon Images";
			path = "";
			refType = 4;
			sourceTree = "<group>";
		};
		2CA3151108AA7F4B00ADA32C = {
			isa = PBXFileReference;
			lastKnownFileType = image.png;
			path = minus.png;
			refType = 4;
			sourceTree = "<group>";
		};
		2CA3151208AA7F4B00ADA32C = {
			fileRef = 2CA3151108AA7F4B00ADA32C;
			isa = PBXBuildFile;
			settings = {
			};
		};
		2CA3151A08AA7FF800ADA32C = {
			isa = PBXFileReference;
			lastKnownFileType = image.png;
			path = Reload.png;
			refType = 4;
			sourceTree = "<group>";
		};
		2CA3151B08AA7FF800ADA32C = {
			fileRef = 2CA3151A08AA7FF800ADA32C;
			isa = PBXBuildFile;
			settings = {
			};
		};
		2CA3152A08AA813100ADA32C = {
			isa = PBXFileReference;
			lastKnownFileType = image.png;
			path = rename.png;
			refType = 4;
			sourceTree = "<group>";
		};
		2CA3152B08AA813100ADA32C = {
			fileRef = 2CA3152A08AA813100ADA32C;
			isa = PBXBuildFile;
			settings = {
			};
		};
		2CA3153708AAEB1500ADA32C = {
			isa = PBXFileReference;
			lastKnownFileType = image.png;
			path = generalpref.png;
			refType = 4;
			sourceTree = "<group>";
		};
		2CA3153808AAEB1500ADA32C = {
			fileRef = 2CA3153708AAEB1500ADA32C;
			isa = PBXBuildFile;
			settings = {
			};
		};
		2CA3154208AAEC4000ADA32C = {
			isa = PBXFileReference;
			lastKnownFileType = image.png;
			path = edit.png;
			refType = 4;
			sourceTree = "<group>";
		};
		2CA3154308AAEC4000ADA32C = {
			fileRef = 2CA3154208AAEC4000ADA32C;
			isa = PBXBuildFile;
			settings = {
			};
		};
		2CA3155B08AB1DB100ADA32C = {
			children = (
				2CA3155C08AB1DB100ADA32C,
			);
			isa = PBXVariantGroup;
			name = PreferenceWindow.nib;
			path = "";
			refType = 4;
			sourceTree = "<group>";
		};
		2CA3155C08AB1DB100ADA32C = {
			isa = PBXFileReference;
			lastKnownFileType = wrapper.nib;
			name = Japanese;
			path = Japanese.lproj/PreferenceWindow.nib;
			refType = 4;
			sourceTree = "<group>";
		};
		2CA3155D08AB1DB100ADA32C = {
			fileRef = 2CA3155B08AB1DB100ADA32C;
			isa = PBXBuildFile;
			settings = {
			};
		};
		2CA3155E08AB1E6800ADA32C = {
			fileEncoding = "-2147483647";
			isa = PBXFileReference;
			lastKnownFileType = sourcecode.c.h;
			path = PrefsWindowController.h;
			refType = 4;
			sourceTree = "<group>";
		};
		2CA3155F08AB1E6800ADA32C = {
			fileEncoding = "-2147483647";
			isa = PBXFileReference;
			lastKnownFileType = sourcecode.c.objc;
			path = PrefsWindowController.m;
			refType = 4;
			sourceTree = "<group>";
		};
		2CA3156008AB1E6800ADA32C = {
			fileRef = 2CA3155E08AB1E6800ADA32C;
			isa = PBXBuildFile;
			settings = {
			};
		};
		2CA3156108AB1E6800ADA32C = {
			fileRef = 2CA3155F08AB1E6800ADA32C;
			isa = PBXBuildFile;
			settings = {
			};
		};
		2CA3156408AB248200ADA32C = {
			fileEncoding = 4;
			isa = PBXFileReference;
			lastKnownFileType = text.xml;
			path = UserDefaults.plist;
			refType = 4;
			sourceTree = "<group>";
		};
		2CA3156508AB248200ADA32C = {
			fileRef = 2CA3156408AB248200ADA32C;
			isa = PBXBuildFile;
			settings = {
			};
		};
		2CA315E908AB4DDF00ADA32C = {
			isa = PBXFileReference;
			lastKnownFileType = image.png;
			path = smallMinus.png;
			refType = 4;
			sourceTree = "<group>";
		};
		2CA315EA08AB4DDF00ADA32C = {
			isa = PBXFileReference;
			lastKnownFileType = image.png;
			path = smallPlus.png;
			refType = 4;
			sourceTree = "<group>";
		};
		2CA315EB08AB4DE000ADA32C = {
			fileRef = 2CA315E908AB4DDF00ADA32C;
			isa = PBXBuildFile;
			settings = {
			};
		};
		2CA315EC08AB4DE000ADA32C = {
			fileRef = 2CA315EA08AB4DDF00ADA32C;
			isa = PBXBuildFile;
			settings = {
			};
		};
		2CA923B408B84A3F00A6B73C = {
			children = (
				2CA923B508B84A3F00A6B73C,
			);
			isa = PBXVariantGroup;
			name = ScriptWindow.nib;
			path = "";
			refType = 4;
			sourceTree = "<group>";
		};
		2CA923B508B84A3F00A6B73C = {
			isa = PBXFileReference;
			lastKnownFileType = wrapper.nib;
			name = Japanese;
			path = Japanese.lproj/ScriptWindow.nib;
			refType = 4;
			sourceTree = "<group>";
		};
		2CA923B608B84A3F00A6B73C = {
			fileRef = 2CA923B408B84A3F00A6B73C;
			isa = PBXBuildFile;
			settings = {
			};
		};
		2CA9241708B8C17700A6B73C = {
			fileEncoding = 4;
			isa = PBXFileReference;
			lastKnownFileType = sourcecode.c.h;
			path = ScriptListController.h;
			refType = 4;
			sourceTree = "<group>";
		};
		2CA9241808B8C17700A6B73C = {
			fileEncoding = 4;
			isa = PBXFileReference;
			lastKnownFileType = sourcecode.c.objc;
			path = ScriptListController.m;
			refType = 4;
			sourceTree = "<group>";
		};
		2CA9241908B8C17700A6B73C = {
			fileRef = 2CA9241708B8C17700A6B73C;
			isa = PBXBuildFile;
			settings = {
			};
		};
		2CA9241A08B8C17700A6B73C = {
			fileRef = 2CA9241808B8C17700A6B73C;
			isa = PBXBuildFile;
			settings = {
			};
		};
		2CB30A4C0650EC5100BD0857 = {
			fileEncoding = "-2147483647";
			isa = PBXFileReference;
			lastKnownFileType = sourcecode.applescript;
			path = UtilityHandlers.applescript;
			refType = 4;
			sourceTree = "<group>";
		};
		2CC8C941078829FA00085682 = {
			fileEncoding = "-2147483647";
			isa = PBXFileReference;
			lastKnownFileType = sourcecode.applescript;
			path = DefaultsManager.applescript;
			refType = 4;
			sourceTree = "<group>";
		};
		2CD607E60569023A00FAFD6B = {
			buildSettings = {
				COPY_PHASE_STRIP = NO;
				OPTIMIZATION_CFLAGS = "-O0";
				OTHER_OSAFLAGS = "-l \\\"AppleScript Debugger\\\"";
			};
			isa = PBXBuildStyle;
			name = SDDebug;
		};
		2CDBB50308A066CA005B4E3D = {
			buildPhases = (
				2CDBB50408A066CA005B4E3D,
				2CDBB50608A066CA005B4E3D,
				2CDBB51308A066CA005B4E3D,
				2CDBB51808A066CA005B4E3D,
				2CDBB51F08A066CA005B4E3D,
				2CDBB51B08A066CA005B4E3D,
			);
			buildRules = (
			);
			buildSettings = {
				GCC_GENERATE_DEBUGGING_SYMBOLS = NO;
				HEADER_SEARCH_PATHS = "";
				INFOPLIST_FILE = Info.plist;
				INSTALL_PATH = "$(HOME)/Applications";
				JAVAC_SOURCE_FILE_ENCODING = "X-MAC-JAPANESE";
				LIBRARY_SEARCH_PATHS = "";
				OTHER_CFLAGS = "";
				OTHER_LDFLAGS = "";
				PRODUCT_NAME = FilterScriptsPanel;
				SECTORDER_FLAGS = "";
				WARNING_CFLAGS = "-Wmost -Wno-four-char-constants -Wno-unknown-pragmas";
				WRAPPER_EXTENSION = app;
			};
			dependencies = (
			);
			isa = PBXNativeTarget;
			name = FilterScriptsPanel;
			productInstallPath = "$(HOME)/Applications";
			productName = Application;
			productReference = 2CDBB52108A066CB005B4E3D;
			productType = "com.apple.product-type.application";
		};
		2CDBB50408A066CA005B4E3D = {
			buildActionMask = 2147483647;
			files = (
				2CDBB50508A066CA005B4E3D,
				2C3E043008A0A572007344A9,
				2CF7350508A11823000BD158,
				2CF7373D08A20535000BD158,
				2CA3156008AB1E6800ADA32C,
				2C13EE4B08B0A1B50035C47A,
				2CA9241908B8C17700A6B73C,
			);
			isa = PBXHeadersBuildPhase;
			runOnlyForDeploymentPostprocessing = 0;
		};
		2CDBB50508A066CA005B4E3D = {
			fileRef = 2C09988B089F443C0004414C;
			isa = PBXBuildFile;
			settings = {
			};
		};
		2CDBB50608A066CA005B4E3D = {
			buildActionMask = 2147483647;
			contextName = "";
			files = (
				2CDBB50708A066CA005B4E3D,
				2CDBB50808A066CA005B4E3D,
				2CDBB50A08A066CA005B4E3D,
				2CDBB50B08A066CA005B4E3D,
				2CDBB50C08A066CA005B4E3D,
				2CDBB50D08A066CA005B4E3D,
				2CDBB50E08A066CA005B4E3D,
				2CDBB50F08A066CA005B4E3D,
				2CDBB51008A066CA005B4E3D,
				2C0B8BDE08A4744900B1ACDE,
			);
			isSharedContext = 0;
			isa = PBXAppleScriptBuildPhase;
			runOnlyForDeploymentPostprocessing = 0;
		};
		2CDBB50708A066CA005B4E3D = {
			fileRef = DA206CF3015C4E8B03C91932;
			isa = PBXBuildFile;
			settings = {
				ATTRIBUTES = (
					Debug,
				);
			};
		};
		2CDBB50808A066CA005B4E3D = {
			fileRef = 2C10B9910616C1AA00598626;
			isa = PBXBuildFile;
			settings = {
				ATTRIBUTES = (
					Debug,
				);
			};
		};
		2CDBB50A08A066CA005B4E3D = {
			fileRef = 2C6FB98006243FF3004731C7;
			isa = PBXBuildFile;
			settings = {
				ATTRIBUTES = (
					Debug,
				);
			};
		};
		2CDBB50B08A066CA005B4E3D = {
			fileRef = 2C6FB982062440FA004731C7;
			isa = PBXBuildFile;
			settings = {
				ATTRIBUTES = (
					Debug,
				);
			};
		};
		2CDBB50C08A066CA005B4E3D = {
			fileRef = 2CB30A4C0650EC5100BD0857;
			isa = PBXBuildFile;
			settings = {
				ATTRIBUTES = (
					Debug,
				);
			};
		};
		2CDBB50D08A066CA005B4E3D = {
			fileRef = 2CC8C941078829FA00085682;
			isa = PBXBuildFile;
			settings = {
				ATTRIBUTES = (
					Debug,
				);
			};
		};
		2CDBB50E08A066CA005B4E3D = {
			fileRef = 2C7447B50793797800FDC383;
			isa = PBXBuildFile;
			settings = {
				ATTRIBUTES = (
					Debug,
				);
			};
		};
		2CDBB50F08A066CA005B4E3D = {
			fileRef = 2C7447C307937C4E00FDC383;
			isa = PBXBuildFile;
			settings = {
				ATTRIBUTES = (
					Debug,
				);
			};
		};
		2CDBB51008A066CA005B4E3D = {
			fileRef = 2C82E57F07939E4C00D28509;
			isa = PBXBuildFile;
			settings = {
				ATTRIBUTES = (
					Debug,
				);
			};
		};
		2CDBB51308A066CA005B4E3D = {
			buildActionMask = 2147483647;
			files = (
				2CDBB51408A066CA005B4E3D,
				2CDBB51508A066CA005B4E3D,
				2CDBB51608A066CA005B4E3D,
				2CDBB51708A066CA005B4E3D,
				2CA3150608AA7ED800ADA32C,
				2CA3151208AA7F4B00ADA32C,
				2CA3151B08AA7FF800ADA32C,
				2CA3152B08AA813100ADA32C,
				2CA3153808AAEB1500ADA32C,
				2CA3154308AAEC4000ADA32C,
				2CA3155D08AB1DB100ADA32C,
				2CA3156508AB248200ADA32C,
				2CA315EB08AB4DE000ADA32C,
				2CA315EC08AB4DE000ADA32C,
				2C34089608AC72D8001F6FFA,
				2CA923B608B84A3F00A6B73C,
			);
			isa = PBXResourcesBuildPhase;
			runOnlyForDeploymentPostprocessing = 0;
		};
		2CDBB51408A066CA005B4E3D = {
			fileRef = 29B97318FDCFA39411CA2CEA;
			isa = PBXBuildFile;
			settings = {
			};
		};
		2CDBB51508A066CA005B4E3D = {
			fileRef = 2C9E42BE052215CB00248965;
			isa = PBXBuildFile;
			settings = {
			};
		};
		2CDBB51608A066CA005B4E3D = {
			fileRef = 2C82E5900793A8E800D28509;
			isa = PBXBuildFile;
			settings = {
			};
		};
		2CDBB51708A066CA005B4E3D = {
			fileRef = 2CFD5E8106521AC50068FEBB;
			isa = PBXBuildFile;
			settings = {
			};
		};
		2CDBB51808A066CA005B4E3D = {
			buildActionMask = 2147483647;
			files = (
				2CDBB51908A066CA005B4E3D,
				2CDBB51A08A066CA005B4E3D,
				2C3E043108A0A572007344A9,
				2CF7350608A11823000BD158,
				2CF7373E08A20535000BD158,
				2CA3156108AB1E6800ADA32C,
				2C13EE4A08B0A1B50035C47A,
				2CA9241A08B8C17700A6B73C,
			);
			isa = PBXSourcesBuildPhase;
			runOnlyForDeploymentPostprocessing = 0;
		};
		2CDBB51908A066CA005B4E3D = {
			fileRef = 29B97316FDCFA39411CA2CEA;
			isa = PBXBuildFile;
			settings = {
				ATTRIBUTES = (
				);
			};
		};
		2CDBB51A08A066CA005B4E3D = {
			fileRef = 2C09988C089F443C0004414C;
			isa = PBXBuildFile;
			settings = {
			};
		};
		2CDBB51B08A066CA005B4E3D = {
			buildActionMask = 2147483647;
			files = (
				2CDBB51C08A066CA005B4E3D,
				2CDBB51D08A066CA005B4E3D,
			);
			isa = PBXFrameworksBuildPhase;
			runOnlyForDeploymentPostprocessing = 0;
		};
		2CDBB51C08A066CA005B4E3D = {
			fileRef = 1058C7A1FEA54F0111CA2CBB;
			isa = PBXBuildFile;
			settings = {
			};
		};
		2CDBB51D08A066CA005B4E3D = {
			fileRef = DA206CF1015C4E2903C91932;
			isa = PBXBuildFile;
			settings = {
			};
		};
		2CDBB51F08A066CA005B4E3D = {
			buildActionMask = 2147483647;
			files = (
			);
			inputPaths = (
			);
			isa = PBXShellScriptBuildPhase;
			outputPaths = (
			);
			runOnlyForDeploymentPostprocessing = 0;
			shellPath = /bin/sh;
			shellScript = "if [ \"$BUILD_STYLE\" = 'Deployment' ]; then\nhelpdir=\"$OBJROOT/$TARGET_NAME.app/Contents/Resources/$TARGET_NAME Help/\"\nmkdir -p \"$helpdir\"\nsitetears_path='/Users/tkurita/Factories/Perl factory/ProjectsX/SiteTears/SiteTears.pl'\nmanual_path='/Users/tkurita/Factories/Websites/scriptfactory folder/scriptfactory/ScriptGallery/TheOtherScripts/FilterScripts/manual/index.html'\nperl \"$sitetears_path\" \"$manual_path\" \"$helpdir/index.html\"\nopen -a '/Developer/Applications/Utilities/Apple Help Indexing Tool.app' \"$helpdir\"\nfi\n";
		};
		2CDBB52008A066CA005B4E3D = {
			fileEncoding = 4;
			isa = PBXFileReference;
			lastKnownFileType = text.xml;
			lineEnding = 0;
			path = Info.plist;
			refType = 4;
			sourceTree = "<group>";
		};
		2CDBB52108A066CB005B4E3D = {
			explicitFileType = wrapper.application;
			includeInIndex = 0;
			isa = PBXFileReference;
			path = FilterScriptsPanel.app;
			refType = 3;
			sourceTree = BUILT_PRODUCTS_DIR;
		};
		2CF7350308A11823000BD158 = {
			fileEncoding = 4;
			isa = PBXFileReference;
			lastKnownFileType = sourcecode.c.h;
			path = ScriptRunner.h;
			refType = 4;
			sourceTree = "<group>";
		};
		2CF7350408A11823000BD158 = {
			fileEncoding = 4;
			isa = PBXFileReference;
			lastKnownFileType = sourcecode.c.objc;
			path = ScriptRunner.m;
			refType = 4;
			sourceTree = "<group>";
		};
		2CF7350508A11823000BD158 = {
			fileRef = 2CF7350308A11823000BD158;
			isa = PBXBuildFile;
			settings = {
			};
		};
		2CF7350608A11823000BD158 = {
			fileRef = 2CF7350408A11823000BD158;
			isa = PBXBuildFile;
			settings = {
			};
		};
		2CF7364A08A1F0E6000BD158 = {
			explicitFileType = text;
			fileEncoding = 4;
			isa = PBXFileReference;
			lineEnding = 0;
			path = History.txt;
			refType = 4;
			sourceTree = "<group>";
		};
		2CF7373B08A20535000BD158 = {
			fileEncoding = 4;
			isa = PBXFileReference;
			lastKnownFileType = sourcecode.c.h;
			path = stringExtra.h;
			refType = 4;
			sourceTree = "<group>";
		};
		2CF7373C08A20535000BD158 = {
			fileEncoding = 4;
			isa = PBXFileReference;
			lastKnownFileType = sourcecode.c.objc;
			path = stringExtra.m;
			refType = 4;
			sourceTree = "<group>";
		};
		2CF7373D08A20535000BD158 = {
			fileRef = 2CF7373B08A20535000BD158;
			isa = PBXBuildFile;
			settings = {
			};
		};
		2CF7373E08A20535000BD158 = {
			fileRef = 2CF7373C08A20535000BD158;
			isa = PBXBuildFile;
			settings = {
			};
		};
		2CFD5E8106521AC50068FEBB = {
			isa = PBXFileReference;
			lastKnownFileType = archive.zip;
			path = Scripts.zip;
			refType = 4;
			sourceTree = "<group>";
		};
//2C0
//2C1
//2C2
//2C3
//2C4
//4A0
//4A1
//4A2
//4A3
//4A4
		4A9504CCFFE6A4B311CA0CBA = {
			buildSettings = {
				COPY_PHASE_STRIP = NO;
				GCC_DYNAMIC_NO_PIC = NO;
				GCC_ENABLE_FIX_AND_CONTINUE = YES;
				GCC_GENERATE_DEBUGGING_SYMBOLS = YES;
				GCC_OPTIMIZATION_LEVEL = 0;
				OPTIMIZATION_CFLAGS = "-O0";
				ZERO_LINK = YES;
			};
			isa = PBXBuildStyle;
			name = Development;
		};
		4A9504CDFFE6A4B311CA0CBA = {
			buildSettings = {
				COPY_PHASE_STRIP = YES;
				CURRENT_PROJECT_VERSION = 3.1;
				GCC_ENABLE_FIX_AND_CONTINUE = NO;
				OTHER_OSAFLAGS = "-x";
				ZERO_LINK = NO;
			};
			isa = PBXBuildStyle;
			name = Deployment;
		};
//4A0
//4A1
//4A2
//4A3
//4A4
//DA0
//DA1
//DA2
//DA3
//DA4
		DA206CF1015C4E2903C91932 = {
			isa = PBXFileReference;
			lastKnownFileType = wrapper.framework;
			name = AppleScriptKit.framework;
			path = /System/Library/Frameworks/AppleScriptKit.framework;
			refType = 0;
			sourceTree = "<absolute>";
		};
		DA206CF3015C4E8B03C91932 = {
			fileEncoding = "-2147483647";
			isa = PBXFileReference;
			lastKnownFileType = sourcecode.applescript;
			path = FilterScriptsPanel.applescript;
			refType = 4;
			sourceTree = "<group>";
		};
		DA206CF4015C4E8B03C91932 = {
			isa = PBXFileReference;
			lastKnownFileType = archive.asdictionary;
			name = AppleScriptKit.asdictionary;
			path = /System/Library/Frameworks/AppleScriptKit.framework/Versions/A/Resources/AppleScriptKit.asdictionary;
			refType = 0;
			sourceTree = "<absolute>";
		};
	};
	rootObject = 29B97313FDCFA39411CA2CEA;
}
