// !$*UTF8*$!
{
	archiveVersion = 1;
	classes = {
	};
	objectVersion = 46;
	objects = {

/* Begin PBXBuildFile section */
		2C0B07C91C96CD21001DB206 /* Localizable.strings in Resources */ = {isa = PBXBuildFile; fileRef = 2C0B07C71C96CD21001DB206 /* Localizable.strings */; };
		2C0B07CE1C96CE72001DB206 /* MainMenu.xib in Resources */ = {isa = PBXBuildFile; fileRef = 2C0B07CA1C96CE72001DB206 /* MainMenu.xib */; };
		2C0B07CF1C96CE73001DB206 /* NewScriptWindow.xib in Resources */ = {isa = PBXBuildFile; fileRef = 2C0B07CC1C96CE72001DB206 /* NewScriptWindow.xib */; };
		2C16DE370A81DC5C00B4D6E3 /* HelpSetup.plist in Resources */ = {isa = PBXBuildFile; fileRef = 2C16DE360A81DC5C00B4D6E3 /* HelpSetup.plist */; };
		2C1B25ED19ADBE920019C374 /* MakeFolder.png in Resources */ = {isa = PBXBuildFile; fileRef = 2C1B25EC19ADBE920019C374 /* MakeFolder.png */; };
		2C1B25EF19ADBE9F0019C374 /* DarkBlueReload.png in Resources */ = {isa = PBXBuildFile; fileRef = 2C1B25EE19ADBE9F0019C374 /* DarkBlueReload.png */; };
		2C1B25F119ADBEAB0019C374 /* Reveal.tiff in Resources */ = {isa = PBXBuildFile; fileRef = 2C1B25F019ADBEAB0019C374 /* Reveal.tiff */; };
		2C1B25F319ADBF1E0019C374 /* ToolbarDeleteIcon.icns in Resources */ = {isa = PBXBuildFile; fileRef = 2C1B25F219ADBF1E0019C374 /* ToolbarDeleteIcon.icns */; };
		2C34089608AC72D8001F6FFA /* OpenFolderIcon.png in Resources */ = {isa = PBXBuildFile; fileRef = 2C34089508AC72D7001F6FFA /* OpenFolderIcon.png */; };
		2C3E043108A0A572007344A9 /* AppController.m in Sources */ = {isa = PBXBuildFile; fileRef = 2C3E042F08A0A572007344A9 /* AppController.m */; };
		2C3FF6C619AAD16D0061C52B /* FileDatum.m in Sources */ = {isa = PBXBuildFile; fileRef = 2C3FF6BE19AAD16D0061C52B /* FileDatum.m */; };
		2C3FF6CC19AAD16D0061C52B /* NSIndexPath_Extensions.m in Sources */ = {isa = PBXBuildFile; fileRef = 2C3FF6C419AAD16D0061C52B /* NSIndexPath_Extensions.m */; };
		2C3FF6E119AAD2420061C52B /* ImageAndTextCell.m in Sources */ = {isa = PBXBuildFile; fileRef = 2C3FF6DF19AAD2420061C52B /* ImageAndTextCell.m */; };
		2C3FF86E19AB48D10061C52B /* ScriptRunnerController.m in Sources */ = {isa = PBXBuildFile; fileRef = 2C3FF86C19AB48D10061C52B /* ScriptRunnerController.m */; };
		2C3FF8B119AB52D50061C52B /* ScriptingBridge.framework in Frameworks */ = {isa = PBXBuildFile; fileRef = 2C3FF8B019AB52D50061C52B /* ScriptingBridge.framework */; };
		2C3FFAB419ACD2DD0061C52B /* ListWindowController.m in Sources */ = {isa = PBXBuildFile; fileRef = 2C3FFAB219ACD2DD0061C52B /* ListWindowController.m */; };
		2C4AC4EB0A7BC7CA00089872 /* Carbon.framework in Frameworks */ = {isa = PBXBuildFile; fileRef = 2C4AC4D60A7BC7C900089872 /* Carbon.framework */; };
		2C6121C619AF2B3B000A80C6 /* FilterScriptsPanel.sdef in Resources */ = {isa = PBXBuildFile; fileRef = 2C6121C519AF2B3B000A80C6 /* FilterScriptsPanel.sdef */; };
		2C61220819AF2D32000A80C6 /* ShowHelpCommand.h in Headers */ = {isa = PBXBuildFile; fileRef = 2C61220619AF2D32000A80C6 /* ShowHelpCommand.h */; };
		2C61220919AF2D32000A80C6 /* ShowHelpCommand.m in Sources */ = {isa = PBXBuildFile; fileRef = 2C61220719AF2D32000A80C6 /* ShowHelpCommand.m */; };
		2C627BE11C924CC3006AD87E /* NSRunningApplication+SmartActivate.h in Headers */ = {isa = PBXBuildFile; fileRef = 2C627BDF1C924CC3006AD87E /* NSRunningApplication+SmartActivate.h */; };
		2C627BE21C924CC3006AD87E /* NSRunningApplication+SmartActivate.m in Sources */ = {isa = PBXBuildFile; fileRef = 2C627BE01C924CC3006AD87E /* NSRunningApplication+SmartActivate.m */; };
		2C627BE91C924D6D006AD87E /* PathExtra_Localizable.strings in Resources */ = {isa = PBXBuildFile; fileRef = 2C627BE41C924D6D006AD87E /* PathExtra_Localizable.strings */; };
		2C627BEA1C924D6D006AD87E /* PathExtra.h in Headers */ = {isa = PBXBuildFile; fileRef = 2C627BE71C924D6D006AD87E /* PathExtra.h */; };
		2C627BEB1C924D6D006AD87E /* PathExtra.m in Sources */ = {isa = PBXBuildFile; fileRef = 2C627BE81C924D6D006AD87E /* PathExtra.m */; };
		2C627BEF1C924D7E006AD87E /* StringExtra.h in Headers */ = {isa = PBXBuildFile; fileRef = 2C627BED1C924D7E006AD87E /* StringExtra.h */; };
		2C627BF01C924D7E006AD87E /* StringExtra.m in Sources */ = {isa = PBXBuildFile; fileRef = 2C627BEE1C924D7E006AD87E /* StringExtra.m */; };
		2C627BF81C924D8C006AD87E /* FrontAppMonitor.h in Headers */ = {isa = PBXBuildFile; fileRef = 2C627BF21C924D8C006AD87E /* FrontAppMonitor.h */; };
		2C627BF91C924D8C006AD87E /* FrontAppMonitor.m in Sources */ = {isa = PBXBuildFile; fileRef = 2C627BF31C924D8C006AD87E /* FrontAppMonitor.m */; };
		2C627BFA1C924D8C006AD87E /* PaletteWindowController.h in Headers */ = {isa = PBXBuildFile; fileRef = 2C627BF41C924D8C006AD87E /* PaletteWindowController.h */; };
		2C627BFB1C924D8C006AD87E /* PaletteWindowController.m in Sources */ = {isa = PBXBuildFile; fileRef = 2C627BF51C924D8C006AD87E /* PaletteWindowController.m */; };
		2C627BFC1C924D8C006AD87E /* WindowVisibilityController.h in Headers */ = {isa = PBXBuildFile; fileRef = 2C627BF61C924D8C006AD87E /* WindowVisibilityController.h */; };
		2C627BFD1C924D8C006AD87E /* WindowVisibilityController.m in Sources */ = {isa = PBXBuildFile; fileRef = 2C627BF71C924D8C006AD87E /* WindowVisibilityController.m */; };
		2C627C061C927411006AD87E /* FileTreeView_Localizable.strings in Resources */ = {isa = PBXBuildFile; fileRef = 2C627BFF1C927411006AD87E /* FileTreeView_Localizable.strings */; };
		2C627C071C927411006AD87E /* FileTreeNode.h in Headers */ = {isa = PBXBuildFile; fileRef = 2C627C011C927411006AD87E /* FileTreeNode.h */; };
		2C627C081C927411006AD87E /* FileTreeNode.m in Sources */ = {isa = PBXBuildFile; fileRef = 2C627C021C927411006AD87E /* FileTreeNode.m */; };
		2C627C091C927411006AD87E /* FileTreeView_Localizable.strings in Resources */ = {isa = PBXBuildFile; fileRef = 2C627C041C927411006AD87E /* FileTreeView_Localizable.strings */; };
		2C627C121C927A8F006AD87E /* DonationReminder.framework in CopyFiles */ = {isa = PBXBuildFile; fileRef = 2C627C0F1C927A43006AD87E /* DonationReminder.framework */; };
		2C627C131C927AB9006AD87E /* DonationReminder.framework in Frameworks */ = {isa = PBXBuildFile; fileRef = 2C627C0F1C927A43006AD87E /* DonationReminder.framework */; };
		2C627C141C928047006AD87E /* FileTreeDataController.m in Sources */ = {isa = PBXBuildFile; fileRef = 2C3FF6C019AAD16D0061C52B /* FileTreeDataController.m */; };
		2C82893B19B0140100F54253 /* ShowWindowCommand.h in Headers */ = {isa = PBXBuildFile; fileRef = 2C82893919B0140100F54253 /* ShowWindowCommand.h */; };
		2C82893C19B0140100F54253 /* ShowWindowCommand.m in Sources */ = {isa = PBXBuildFile; fileRef = 2C82893A19B0140100F54253 /* ShowWindowCommand.m */; };
		2CA3150608AA7ED800ADA32C /* plus.png in Resources */ = {isa = PBXBuildFile; fileRef = 2CA3150508AA7ED800ADA32C /* plus.png */; };
		2CA3151B08AA7FF800ADA32C /* Reload.png in Resources */ = {isa = PBXBuildFile; fileRef = 2CA3151A08AA7FF800ADA32C /* Reload.png */; };
		2CA3154308AAEC4000ADA32C /* edit.png in Resources */ = {isa = PBXBuildFile; fileRef = 2CA3154208AAEC4000ADA32C /* edit.png */; };
		2CA3156508AB248200ADA32C /* UserDefaults.plist in Resources */ = {isa = PBXBuildFile; fileRef = 2CA3156408AB248200ADA32C /* UserDefaults.plist */; };
		2CCF630519B041DD006DCAFE /* Help.tiff in Resources */ = {isa = PBXBuildFile; fileRef = 2CCF630419B041DD006DCAFE /* Help.tiff */; };
		2CDBB51608A066CA005B4E3D /* Templates.zip in Resources */ = {isa = PBXBuildFile; fileRef = 2C82E5900793A8E800D28509 /* Templates.zip */; };
		2CDBB51708A066CA005B4E3D /* Scripts.zip in Resources */ = {isa = PBXBuildFile; fileRef = 2CFD5E8106521AC50068FEBB /* Scripts.zip */; };
		2CDBB51908A066CA005B4E3D /* main.m in Sources */ = {isa = PBXBuildFile; fileRef = 29B97316FDCFA39411CA2CEA /* main.m */; settings = {ATTRIBUTES = (); }; };
		2CDBB51C08A066CA005B4E3D /* Cocoa.framework in Frameworks */ = {isa = PBXBuildFile; fileRef = 1058C7A1FEA54F0111CA2CBB /* Cocoa.framework */; };
		2CF7350608A11823000BD158 /* ScriptRunner.m in Sources */ = {isa = PBXBuildFile; fileRef = 2CF7350408A11823000BD158 /* ScriptRunner.m */; };
/* End PBXBuildFile section */

/* Begin PBXContainerItemProxy section */
		2C627C0E1C927A43006AD87E /* PBXContainerItemProxy */ = {
			isa = PBXContainerItemProxy;
			containerPortal = 2C627C0A1C927A42006AD87E /* DonationReminder.xcodeproj */;
			proxyType = 2;
			remoteGlobalIDString = 2C4A363E19E61FC40031E521;
			remoteInfo = DonationReminder;
		};
		2C627C101C927A70006AD87E /* PBXContainerItemProxy */ = {
			isa = PBXContainerItemProxy;
			containerPortal = 2C627C0A1C927A42006AD87E /* DonationReminder.xcodeproj */;
			proxyType = 1;
			remoteGlobalIDString = 2C4A363119E61FC40031E521;
			remoteInfo = DonationReminder;
		};
/* End PBXContainerItemProxy section */

/* Begin PBXCopyFilesBuildPhase section */
		2C0BAC1C0A7DCD3D007AFDE3 /* CopyFiles */ = {
			isa = PBXCopyFilesBuildPhase;
			buildActionMask = 2147483647;
			dstPath = "";
			dstSubfolderSpec = 10;
			files = (
				2C627C121C927A8F006AD87E /* DonationReminder.framework in CopyFiles */,
			);
			runOnlyForDeploymentPostprocessing = 0;
		};
/* End PBXCopyFilesBuildPhase section */

/* Begin PBXFileReference section */
		1058C7A1FEA54F0111CA2CBB /* Cocoa.framework */ = {isa = PBXFileReference; lastKnownFileType = wrapper.framework; name = Cocoa.framework; path = /System/Library/Frameworks/Cocoa.framework; sourceTree = "<absolute>"; };
		29B97316FDCFA39411CA2CEA /* main.m */ = {isa = PBXFileReference; fileEncoding = 30; lastKnownFileType = sourcecode.c.objc; path = main.m; sourceTree = "<group>"; };
		29B97324FDCFA39411CA2CEA /* AppKit.framework */ = {isa = PBXFileReference; lastKnownFileType = wrapper.framework; name = AppKit.framework; path = /System/Library/Frameworks/AppKit.framework; sourceTree = "<absolute>"; };
		29B97325FDCFA39411CA2CEA /* Foundation.framework */ = {isa = PBXFileReference; lastKnownFileType = wrapper.framework; name = Foundation.framework; path = /System/Library/Frameworks/Foundation.framework; sourceTree = "<absolute>"; };
		2C0B07C81C96CD21001DB206 /* ja */ = {isa = PBXFileReference; lastKnownFileType = text.plist.strings; name = ja; path = ja.lproj/Localizable.strings; sourceTree = "<group>"; };
		2C0B07CB1C96CE72001DB206 /* Base */ = {isa = PBXFileReference; lastKnownFileType = file.xib; name = Base; path = Base.lproj/MainMenu.xib; sourceTree = "<group>"; };
		2C0B07CD1C96CE72001DB206 /* Base */ = {isa = PBXFileReference; lastKnownFileType = file.xib; name = Base; path = Base.lproj/NewScriptWindow.xib; sourceTree = "<group>"; };
		2C0B07D01C96CE79001DB206 /* ja */ = {isa = PBXFileReference; lastKnownFileType = text.plist.strings; name = ja; path = ja.lproj/MainMenu.strings; sourceTree = "<group>"; };
		2C0B07D11C96CE7D001DB206 /* ja */ = {isa = PBXFileReference; lastKnownFileType = text.plist.strings; name = ja; path = ja.lproj/NewScriptWindow.strings; sourceTree = "<group>"; };
		2C0BAEFA0A7E4141007AFDE3 /* DonationReminder.framework */ = {isa = PBXFileReference; lastKnownFileType = wrapper.framework; name = DonationReminder.framework; path = ../DonationReminder.framework; sourceTree = SOURCE_ROOT; };
		2C16DE360A81DC5C00B4D6E3 /* HelpSetup.plist */ = {isa = PBXFileReference; explicitFileType = text.plist; fileEncoding = 4; path = HelpSetup.plist; sourceTree = "<group>"; };
		2C1B25EC19ADBE920019C374 /* MakeFolder.png */ = {isa = PBXFileReference; lastKnownFileType = image.png; path = MakeFolder.png; sourceTree = "<group>"; };
		2C1B25EE19ADBE9F0019C374 /* DarkBlueReload.png */ = {isa = PBXFileReference; lastKnownFileType = image.png; path = DarkBlueReload.png; sourceTree = "<group>"; };
		2C1B25F019ADBEAB0019C374 /* Reveal.tiff */ = {isa = PBXFileReference; lastKnownFileType = image.tiff; path = Reveal.tiff; sourceTree = "<group>"; };
		2C1B25F219ADBF1E0019C374 /* ToolbarDeleteIcon.icns */ = {isa = PBXFileReference; lastKnownFileType = image.icns; path = ToolbarDeleteIcon.icns; sourceTree = "<group>"; };
		2C34089508AC72D7001F6FFA /* OpenFolderIcon.png */ = {isa = PBXFileReference; lastKnownFileType = image.png; path = OpenFolderIcon.png; sourceTree = "<group>"; };
		2C3E042E08A0A572007344A9 /* AppController.h */ = {isa = PBXFileReference; fileEncoding = 0; lastKnownFileType = sourcecode.c.h; path = AppController.h; sourceTree = "<group>"; };
		2C3E042F08A0A572007344A9 /* AppController.m */ = {isa = PBXFileReference; fileEncoding = 0; lastKnownFileType = sourcecode.c.objc; path = AppController.m; sourceTree = "<group>"; };
		2C3FF6BD19AAD16D0061C52B /* FileDatum.h */ = {isa = PBXFileReference; fileEncoding = 4; lastKnownFileType = sourcecode.c.h; path = FileDatum.h; sourceTree = "<group>"; };
		2C3FF6BE19AAD16D0061C52B /* FileDatum.m */ = {isa = PBXFileReference; fileEncoding = 4; lastKnownFileType = sourcecode.c.objc; path = FileDatum.m; sourceTree = "<group>"; };
		2C3FF6BF19AAD16D0061C52B /* FileTreeDataController.h */ = {isa = PBXFileReference; fileEncoding = 4; lastKnownFileType = sourcecode.c.h; path = FileTreeDataController.h; sourceTree = "<group>"; };
		2C3FF6C019AAD16D0061C52B /* FileTreeDataController.m */ = {isa = PBXFileReference; fileEncoding = 4; lastKnownFileType = sourcecode.c.objc; path = FileTreeDataController.m; sourceTree = "<group>"; };
		2C3FF6C319AAD16D0061C52B /* NSIndexPath_Extensions.h */ = {isa = PBXFileReference; fileEncoding = 4; lastKnownFileType = sourcecode.c.h; path = NSIndexPath_Extensions.h; sourceTree = "<group>"; };
		2C3FF6C419AAD16D0061C52B /* NSIndexPath_Extensions.m */ = {isa = PBXFileReference; fileEncoding = 4; lastKnownFileType = sourcecode.c.objc; path = NSIndexPath_Extensions.m; sourceTree = "<group>"; };
		2C3FF6DE19AAD2420061C52B /* ImageAndTextCell.h */ = {isa = PBXFileReference; fileEncoding = 4; lastKnownFileType = sourcecode.c.h; name = ImageAndTextCell.h; path = ImageAndTextCell/ImageAndTextCell.h; sourceTree = "<group>"; };
		2C3FF6DF19AAD2420061C52B /* ImageAndTextCell.m */ = {isa = PBXFileReference; fileEncoding = 4; lastKnownFileType = sourcecode.c.objc; name = ImageAndTextCell.m; path = ImageAndTextCell/ImageAndTextCell.m; sourceTree = "<group>"; };
		2C3FF86B19AB48D10061C52B /* ScriptRunnerController.h */ = {isa = PBXFileReference; fileEncoding = 4; lastKnownFileType = sourcecode.c.h; path = ScriptRunnerController.h; sourceTree = "<group>"; };
		2C3FF86C19AB48D10061C52B /* ScriptRunnerController.m */ = {isa = PBXFileReference; fileEncoding = 4; lastKnownFileType = sourcecode.c.objc; path = ScriptRunnerController.m; sourceTree = "<group>"; };
		2C3FF8AC19AB526F0061C52B /* mi.h */ = {isa = PBXFileReference; fileEncoding = 4; lastKnownFileType = sourcecode.c.h; path = mi.h; sourceTree = "<group>"; };
		2C3FF8B019AB52D50061C52B /* ScriptingBridge.framework */ = {isa = PBXFileReference; lastKnownFileType = wrapper.framework; name = ScriptingBridge.framework; path = System/Library/Frameworks/ScriptingBridge.framework; sourceTree = SDKROOT; };
		2C3FFAB119ACD2DD0061C52B /* ListWindowController.h */ = {isa = PBXFileReference; fileEncoding = 4; lastKnownFileType = sourcecode.c.h; path = ListWindowController.h; sourceTree = "<group>"; };
		2C3FFAB219ACD2DD0061C52B /* ListWindowController.m */ = {isa = PBXFileReference; fileEncoding = 4; lastKnownFileType = sourcecode.c.objc; path = ListWindowController.m; sourceTree = "<group>"; };
		2C4AC4D60A7BC7C900089872 /* Carbon.framework */ = {isa = PBXFileReference; lastKnownFileType = wrapper.framework; name = Carbon.framework; path = /System/Library/Frameworks/Carbon.framework; sourceTree = "<absolute>"; };
		2C6121C519AF2B3B000A80C6 /* FilterScriptsPanel.sdef */ = {isa = PBXFileReference; fileEncoding = 4; lastKnownFileType = text.sdef; path = FilterScriptsPanel.sdef; sourceTree = "<group>"; };
		2C61220619AF2D32000A80C6 /* ShowHelpCommand.h */ = {isa = PBXFileReference; fileEncoding = 4; lastKnownFileType = sourcecode.c.h; path = ShowHelpCommand.h; sourceTree = "<group>"; };
		2C61220719AF2D32000A80C6 /* ShowHelpCommand.m */ = {isa = PBXFileReference; fileEncoding = 4; lastKnownFileType = sourcecode.c.objc; path = ShowHelpCommand.m; sourceTree = "<group>"; };
		2C627BDF1C924CC3006AD87E /* NSRunningApplication+SmartActivate.h */ = {isa = PBXFileReference; fileEncoding = 4; lastKnownFileType = sourcecode.c.h; path = "NSRunningApplication+SmartActivate.h"; sourceTree = "<group>"; };
		2C627BE01C924CC3006AD87E /* NSRunningApplication+SmartActivate.m */ = {isa = PBXFileReference; fileEncoding = 4; lastKnownFileType = sourcecode.c.objc; path = "NSRunningApplication+SmartActivate.m"; sourceTree = "<group>"; };
		2C627BE51C924D6D006AD87E /* en */ = {isa = PBXFileReference; lastKnownFileType = text.plist.strings; name = en; path = en.lproj/PathExtra_Localizable.strings; sourceTree = "<group>"; };
		2C627BE61C924D6D006AD87E /* ja */ = {isa = PBXFileReference; lastKnownFileType = text.plist.strings; name = ja; path = ja.lproj/PathExtra_Localizable.strings; sourceTree = "<group>"; };
		2C627BE71C924D6D006AD87E /* PathExtra.h */ = {isa = PBXFileReference; fileEncoding = 4; lastKnownFileType = sourcecode.c.h; path = PathExtra.h; sourceTree = "<group>"; };
		2C627BE81C924D6D006AD87E /* PathExtra.m */ = {isa = PBXFileReference; fileEncoding = 4; lastKnownFileType = sourcecode.c.objc; path = PathExtra.m; sourceTree = "<group>"; };
		2C627BED1C924D7E006AD87E /* StringExtra.h */ = {isa = PBXFileReference; fileEncoding = 4; lastKnownFileType = sourcecode.c.h; path = StringExtra.h; sourceTree = "<group>"; };
		2C627BEE1C924D7E006AD87E /* StringExtra.m */ = {isa = PBXFileReference; fileEncoding = 4; lastKnownFileType = sourcecode.c.objc; path = StringExtra.m; sourceTree = "<group>"; };
		2C627BF21C924D8C006AD87E /* FrontAppMonitor.h */ = {isa = PBXFileReference; fileEncoding = 4; lastKnownFileType = sourcecode.c.h; path = FrontAppMonitor.h; sourceTree = "<group>"; };
		2C627BF31C924D8C006AD87E /* FrontAppMonitor.m */ = {isa = PBXFileReference; fileEncoding = 4; lastKnownFileType = sourcecode.c.objc; path = FrontAppMonitor.m; sourceTree = "<group>"; };
		2C627BF41C924D8C006AD87E /* PaletteWindowController.h */ = {isa = PBXFileReference; fileEncoding = 4; lastKnownFileType = sourcecode.c.h; path = PaletteWindowController.h; sourceTree = "<group>"; };
		2C627BF51C924D8C006AD87E /* PaletteWindowController.m */ = {isa = PBXFileReference; fileEncoding = 4; lastKnownFileType = sourcecode.c.objc; path = PaletteWindowController.m; sourceTree = "<group>"; };
		2C627BF61C924D8C006AD87E /* WindowVisibilityController.h */ = {isa = PBXFileReference; fileEncoding = 4; lastKnownFileType = sourcecode.c.h; path = WindowVisibilityController.h; sourceTree = "<group>"; };
		2C627BF71C924D8C006AD87E /* WindowVisibilityController.m */ = {isa = PBXFileReference; fileEncoding = 4; lastKnownFileType = sourcecode.c.objc; path = WindowVisibilityController.m; sourceTree = "<group>"; };
		2C627C001C927411006AD87E /* en */ = {isa = PBXFileReference; fileEncoding = 10; lastKnownFileType = text.plist.strings; name = en; path = FileTreeView_Localizable.strings; sourceTree = "<group>"; };
		2C627C011C927411006AD87E /* FileTreeNode.h */ = {isa = PBXFileReference; fileEncoding = 4; lastKnownFileType = sourcecode.c.h; path = FileTreeNode.h; sourceTree = "<group>"; };
		2C627C021C927411006AD87E /* FileTreeNode.m */ = {isa = PBXFileReference; fileEncoding = 4; lastKnownFileType = sourcecode.c.objc; path = FileTreeNode.m; sourceTree = "<group>"; };
		2C627C051C927411006AD87E /* ja */ = {isa = PBXFileReference; fileEncoding = 10; lastKnownFileType = text.plist.strings; name = ja; path = FileTreeView_Localizable.strings; sourceTree = "<group>"; };
		2C627C0A1C927A42006AD87E /* DonationReminder.xcodeproj */ = {isa = PBXFileReference; lastKnownFileType = "wrapper.pb-project"; name = DonationReminder.xcodeproj; path = DonationReminder/DonationReminder.xcodeproj; sourceTree = "<group>"; };
		2C82893919B0140100F54253 /* ShowWindowCommand.h */ = {isa = PBXFileReference; fileEncoding = 4; lastKnownFileType = sourcecode.c.h; path = ShowWindowCommand.h; sourceTree = "<group>"; };
		2C82893A19B0140100F54253 /* ShowWindowCommand.m */ = {isa = PBXFileReference; fileEncoding = 4; lastKnownFileType = sourcecode.c.objc; path = ShowWindowCommand.m; sourceTree = "<group>"; };
		2C82E5900793A8E800D28509 /* Templates.zip */ = {isa = PBXFileReference; lastKnownFileType = archive.zip; path = Templates.zip; sourceTree = "<group>"; };
		2CA3150508AA7ED800ADA32C /* plus.png */ = {isa = PBXFileReference; lastKnownFileType = image.png; path = plus.png; sourceTree = "<group>"; };
		2CA3151108AA7F4B00ADA32C /* minus.png */ = {isa = PBXFileReference; lastKnownFileType = image.png; path = minus.png; sourceTree = "<group>"; };
		2CA3151A08AA7FF800ADA32C /* Reload.png */ = {isa = PBXFileReference; lastKnownFileType = image.png; path = Reload.png; sourceTree = "<group>"; };
		2CA3152A08AA813100ADA32C /* rename.png */ = {isa = PBXFileReference; lastKnownFileType = image.png; path = rename.png; sourceTree = "<group>"; };
		2CA3153708AAEB1500ADA32C /* generalpref.png */ = {isa = PBXFileReference; lastKnownFileType = image.png; path = generalpref.png; sourceTree = "<group>"; };
		2CA3154208AAEC4000ADA32C /* edit.png */ = {isa = PBXFileReference; lastKnownFileType = image.png; path = edit.png; sourceTree = "<group>"; };
		2CA3156408AB248200ADA32C /* UserDefaults.plist */ = {isa = PBXFileReference; explicitFileType = text.plist; fileEncoding = 4; path = UserDefaults.plist; sourceTree = "<group>"; };
		2CA315E908AB4DDF00ADA32C /* smallMinus.png */ = {isa = PBXFileReference; lastKnownFileType = image.png; path = smallMinus.png; sourceTree = "<group>"; };
		2CA315EA08AB4DDF00ADA32C /* smallPlus.png */ = {isa = PBXFileReference; lastKnownFileType = image.png; path = smallPlus.png; sourceTree = "<group>"; };
		2CCF630419B041DD006DCAFE /* Help.tiff */ = {isa = PBXFileReference; lastKnownFileType = image.tiff; path = Help.tiff; sourceTree = "<group>"; };
		2CDBB52008A066CA005B4E3D /* Info.plist */ = {isa = PBXFileReference; explicitFileType = text.plist; fileEncoding = 4; lineEnding = 0; path = Info.plist; sourceTree = "<group>"; };
		2CDBB52108A066CB005B4E3D /* FilterScriptsPanel.app */ = {isa = PBXFileReference; explicitFileType = wrapper.application; includeInIndex = 0; path = FilterScriptsPanel.app; sourceTree = BUILT_PRODUCTS_DIR; };
		2CF7350308A11823000BD158 /* ScriptRunner.h */ = {isa = PBXFileReference; fileEncoding = 4; lastKnownFileType = sourcecode.c.h; path = ScriptRunner.h; sourceTree = "<group>"; };
		2CF7350408A11823000BD158 /* ScriptRunner.m */ = {isa = PBXFileReference; fileEncoding = 4; lastKnownFileType = sourcecode.c.objc; path = ScriptRunner.m; sourceTree = "<group>"; };
		2CF7364A08A1F0E6000BD158 /* History.rd */ = {isa = PBXFileReference; explicitFileType = text; fileEncoding = 4; lineEnding = 0; name = History.rd; path = ../History.rd; sourceTree = "<group>"; };
		2CFD5E8106521AC50068FEBB /* Scripts.zip */ = {isa = PBXFileReference; lastKnownFileType = archive.zip; path = Scripts.zip; sourceTree = "<group>"; };
/* End PBXFileReference section */

/* Begin PBXFrameworksBuildPhase section */
		2CDBB51B08A066CA005B4E3D /* Frameworks */ = {
			isa = PBXFrameworksBuildPhase;
			buildActionMask = 2147483647;
			files = (
				2C627C131C927AB9006AD87E /* DonationReminder.framework in Frameworks */,
				2CDBB51C08A066CA005B4E3D /* Cocoa.framework in Frameworks */,
				2C4AC4EB0A7BC7CA00089872 /* Carbon.framework in Frameworks */,
				2C3FF8B119AB52D50061C52B /* ScriptingBridge.framework in Frameworks */,
			);
			runOnlyForDeploymentPostprocessing = 0;
		};
/* End PBXFrameworksBuildPhase section */

/* Begin PBXGroup section */
		1058C7A0FEA54F0111CA2CBB /* Linked Frameworks */ = {
			isa = PBXGroup;
			children = (
				2C0BAEFA0A7E4141007AFDE3 /* DonationReminder.framework */,
				2C4AC4D60A7BC7C900089872 /* Carbon.framework */,
				1058C7A1FEA54F0111CA2CBB /* Cocoa.framework */,
				2C3FF8B019AB52D50061C52B /* ScriptingBridge.framework */,
			);
			name = "Linked Frameworks";
			sourceTree = "<group>";
		};
		1058C7A2FEA54F0111CA2CBB /* Other Frameworks */ = {
			isa = PBXGroup;
			children = (
				29B97325FDCFA39411CA2CEA /* Foundation.framework */,
				29B97324FDCFA39411CA2CEA /* AppKit.framework */,
			);
			name = "Other Frameworks";
			sourceTree = "<group>";
		};
		19C28FACFE9D520D11CA2CBB /* Products */ = {
			isa = PBXGroup;
			children = (
				2CDBB52108A066CB005B4E3D /* FilterScriptsPanel.app */,
			);
			name = Products;
			sourceTree = "<group>";
		};
		29B97314FDCFA39411CA2CEA /* Application */ = {
			isa = PBXGroup;
			children = (
				2CF7364A08A1F0E6000BD158 /* History.rd */,
				2C627BF11C924D8C006AD87E /* PaletteWindowController */,
				2C627BEC1C924D7E006AD87E /* StringExtra */,
				2C627BE31C924D6D006AD87E /* PathExtra */,
				2C3FF6DD19AAD2230061C52B /* ImageAndTextCell */,
				2C627BDE1C924CC3006AD87E /* NSRunningApplication-SmartActivate */,
				2C3FF6BC19AAD13C0061C52B /* FileTreeView */,
				2C13EBED08AF09620035C47A /* Classes */,
				2C6121FB19AF2D1C000A80C6 /* Script Commands */,
				2CA3150708AA7EE400ADA32C /* Images */,
				29B97317FDCFA39411CA2CEA /* Resources */,
				29B97315FDCFA39411CA2CEA /* Other Sources */,
				29B97323FDCFA39411CA2CEA /* Frameworks */,
				19C28FACFE9D520D11CA2CBB /* Products */,
				2C627C0A1C927A42006AD87E /* DonationReminder.xcodeproj */,
			);
			name = Application;
			sourceTree = "<group>";
		};
		29B97315FDCFA39411CA2CEA /* Other Sources */ = {
			isa = PBXGroup;
			children = (
				29B97316FDCFA39411CA2CEA /* main.m */,
			);
			name = "Other Sources";
			sourceTree = "<group>";
		};
		29B97317FDCFA39411CA2CEA /* Resources */ = {
			isa = PBXGroup;
			children = (
				2C0B07CA1C96CE72001DB206 /* MainMenu.xib */,
				2C0B07CC1C96CE72001DB206 /* NewScriptWindow.xib */,
				2C0B07C71C96CD21001DB206 /* Localizable.strings */,
				2C6121C519AF2B3B000A80C6 /* FilterScriptsPanel.sdef */,
				2C16DE360A81DC5C00B4D6E3 /* HelpSetup.plist */,
				2CA3156408AB248200ADA32C /* UserDefaults.plist */,
				2CDBB52008A066CA005B4E3D /* Info.plist */,
				2CFD5E8106521AC50068FEBB /* Scripts.zip */,
				2C82E5900793A8E800D28509 /* Templates.zip */,
			);
			name = Resources;
			sourceTree = "<group>";
		};
		29B97323FDCFA39411CA2CEA /* Frameworks */ = {
			isa = PBXGroup;
			children = (
				1058C7A0FEA54F0111CA2CBB /* Linked Frameworks */,
				1058C7A2FEA54F0111CA2CBB /* Other Frameworks */,
			);
			name = Frameworks;
			sourceTree = "<group>";
		};
		2C13EBED08AF09620035C47A /* Classes */ = {
			isa = PBXGroup;
			children = (
				2C3FFAB119ACD2DD0061C52B /* ListWindowController.h */,
				2C3FFAB219ACD2DD0061C52B /* ListWindowController.m */,
				2C3FF8AC19AB526F0061C52B /* mi.h */,
				2C3FF86B19AB48D10061C52B /* ScriptRunnerController.h */,
				2C3FF86C19AB48D10061C52B /* ScriptRunnerController.m */,
				2CF7350308A11823000BD158 /* ScriptRunner.h */,
				2CF7350408A11823000BD158 /* ScriptRunner.m */,
				2C3E042E08A0A572007344A9 /* AppController.h */,
				2C3E042F08A0A572007344A9 /* AppController.m */,
			);
			name = Classes;
			sourceTree = "<group>";
		};
		2C3FF6BC19AAD13C0061C52B /* FileTreeView */ = {
			isa = PBXGroup;
			children = (
				2C627C031C927411006AD87E /* ja.lproj */,
				2C627BFE1C927411006AD87E /* en.lproj */,
				2C627C011C927411006AD87E /* FileTreeNode.h */,
				2C627C021C927411006AD87E /* FileTreeNode.m */,
				2C3FF6BD19AAD16D0061C52B /* FileDatum.h */,
				2C3FF6BE19AAD16D0061C52B /* FileDatum.m */,
				2C3FF6BF19AAD16D0061C52B /* FileTreeDataController.h */,
				2C3FF6C019AAD16D0061C52B /* FileTreeDataController.m */,
				2C3FF6C319AAD16D0061C52B /* NSIndexPath_Extensions.h */,
				2C3FF6C419AAD16D0061C52B /* NSIndexPath_Extensions.m */,
			);
			path = FileTreeView;
			sourceTree = "<group>";
		};
		2C3FF6DD19AAD2230061C52B /* ImageAndTextCell */ = {
			isa = PBXGroup;
			children = (
				2C3FF6DE19AAD2420061C52B /* ImageAndTextCell.h */,
				2C3FF6DF19AAD2420061C52B /* ImageAndTextCell.m */,
			);
			name = ImageAndTextCell;
			sourceTree = "<group>";
		};
		2C6121FB19AF2D1C000A80C6 /* Script Commands */ = {
			isa = PBXGroup;
			children = (
				2C61220619AF2D32000A80C6 /* ShowHelpCommand.h */,
				2C61220719AF2D32000A80C6 /* ShowHelpCommand.m */,
				2C82893919B0140100F54253 /* ShowWindowCommand.h */,
				2C82893A19B0140100F54253 /* ShowWindowCommand.m */,
			);
			name = "Script Commands";
			sourceTree = "<group>";
		};
		2C627BDE1C924CC3006AD87E /* NSRunningApplication-SmartActivate */ = {
			isa = PBXGroup;
			children = (
				2C627BDF1C924CC3006AD87E /* NSRunningApplication+SmartActivate.h */,
				2C627BE01C924CC3006AD87E /* NSRunningApplication+SmartActivate.m */,
			);
			path = "NSRunningApplication-SmartActivate";
			sourceTree = "<group>";
		};
		2C627BE31C924D6D006AD87E /* PathExtra */ = {
			isa = PBXGroup;
			children = (
				2C627BE41C924D6D006AD87E /* PathExtra_Localizable.strings */,
				2C627BE71C924D6D006AD87E /* PathExtra.h */,
				2C627BE81C924D6D006AD87E /* PathExtra.m */,
			);
			path = PathExtra;
			sourceTree = "<group>";
		};
		2C627BEC1C924D7E006AD87E /* StringExtra */ = {
			isa = PBXGroup;
			children = (
				2C627BED1C924D7E006AD87E /* StringExtra.h */,
				2C627BEE1C924D7E006AD87E /* StringExtra.m */,
			);
			path = StringExtra;
			sourceTree = "<group>";
		};
		2C627BF11C924D8C006AD87E /* PaletteWindowController */ = {
			isa = PBXGroup;
			children = (
				2C627BF21C924D8C006AD87E /* FrontAppMonitor.h */,
				2C627BF31C924D8C006AD87E /* FrontAppMonitor.m */,
				2C627BF41C924D8C006AD87E /* PaletteWindowController.h */,
				2C627BF51C924D8C006AD87E /* PaletteWindowController.m */,
				2C627BF61C924D8C006AD87E /* WindowVisibilityController.h */,
				2C627BF71C924D8C006AD87E /* WindowVisibilityController.m */,
			);
			path = PaletteWindowController;
			sourceTree = "<group>";
		};
		2C627BFE1C927411006AD87E /* en.lproj */ = {
			isa = PBXGroup;
			children = (
				2C627BFF1C927411006AD87E /* FileTreeView_Localizable.strings */,
			);
			path = en.lproj;
			sourceTree = "<group>";
		};
		2C627C031C927411006AD87E /* ja.lproj */ = {
			isa = PBXGroup;
			children = (
				2C627C041C927411006AD87E /* FileTreeView_Localizable.strings */,
			);
			path = ja.lproj;
			sourceTree = "<group>";
		};
		2C627C0B1C927A42006AD87E /* Products */ = {
			isa = PBXGroup;
			children = (
				2C627C0F1C927A43006AD87E /* DonationReminder.framework */,
			);
			name = Products;
			sourceTree = "<group>";
		};
		2CA3150708AA7EE400ADA32C /* Images */ = {
			isa = PBXGroup;
			children = (
				2CCF630419B041DD006DCAFE /* Help.tiff */,
				2C1B25F219ADBF1E0019C374 /* ToolbarDeleteIcon.icns */,
				2C1B25F019ADBEAB0019C374 /* Reveal.tiff */,
				2C1B25EE19ADBE9F0019C374 /* DarkBlueReload.png */,
				2C34089508AC72D7001F6FFA /* OpenFolderIcon.png */,
				2C1B25EC19ADBE920019C374 /* MakeFolder.png */,
				2CA315E908AB4DDF00ADA32C /* smallMinus.png */,
				2CA315EA08AB4DDF00ADA32C /* smallPlus.png */,
				2CA3153708AAEB1500ADA32C /* generalpref.png */,
				2CA3151108AA7F4B00ADA32C /* minus.png */,
				2CA3152A08AA813100ADA32C /* rename.png */,
				2CA3151A08AA7FF800ADA32C /* Reload.png */,
				2CA3150508AA7ED800ADA32C /* plus.png */,
				2CA3154208AAEC4000ADA32C /* edit.png */,
			);
			includeInIndex = 1;
			path = Images;
			sourceTree = "<group>";
		};
/* End PBXGroup section */

/* Begin PBXHeadersBuildPhase section */
		2CDBB50408A066CA005B4E3D /* Headers */ = {
			isa = PBXHeadersBuildPhase;
			buildActionMask = 2147483647;
			files = (
				2C61220819AF2D32000A80C6 /* ShowHelpCommand.h in Headers */,
				2C82893B19B0140100F54253 /* ShowWindowCommand.h in Headers */,
				2C627BE11C924CC3006AD87E /* NSRunningApplication+SmartActivate.h in Headers */,
				2C627BEA1C924D6D006AD87E /* PathExtra.h in Headers */,
				2C627BEF1C924D7E006AD87E /* StringExtra.h in Headers */,
				2C627BF81C924D8C006AD87E /* FrontAppMonitor.h in Headers */,
				2C627BFA1C924D8C006AD87E /* PaletteWindowController.h in Headers */,
				2C627BFC1C924D8C006AD87E /* WindowVisibilityController.h in Headers */,
				2C627C071C927411006AD87E /* FileTreeNode.h in Headers */,
			);
			runOnlyForDeploymentPostprocessing = 0;
		};
/* End PBXHeadersBuildPhase section */

/* Begin PBXNativeTarget section */
		2CDBB50308A066CA005B4E3D /* FilterScriptsPanel */ = {
			isa = PBXNativeTarget;
			buildConfigurationList = 2C59245509A067BD000BC6BA /* Build configuration list for PBXNativeTarget "FilterScriptsPanel" */;
			buildPhases = (
				2CDBB50408A066CA005B4E3D /* Headers */,
				2CDBB51308A066CA005B4E3D /* Resources */,
				2C0BAC1C0A7DCD3D007AFDE3 /* CopyFiles */,
				2CDBB51808A066CA005B4E3D /* Sources */,
				2CDBB51B08A066CA005B4E3D /* Frameworks */,
				2CB931B518668D3400554FD2 /* ShellScript */,
			);
			buildRules = (
			);
			dependencies = (
				2C627C111C927A70006AD87E /* PBXTargetDependency */,
			);
			name = FilterScriptsPanel;
			productInstallPath = "$(HOME)/Applications";
			productName = Application;
			productReference = 2CDBB52108A066CB005B4E3D /* FilterScriptsPanel.app */;
			productType = "com.apple.product-type.application";
		};
/* End PBXNativeTarget section */

/* Begin PBXProject section */
		29B97313FDCFA39411CA2CEA /* Project object */ = {
			isa = PBXProject;
			buildConfigurationList = 2C59245A09A067BD000BC6BA /* Build configuration list for PBXProject "FilterScriptsPanel" */;
			compatibilityVersion = "Xcode 3.2";
			developmentRegion = English;
			hasScannedForEncodings = 1;
			knownRegions = (
				English,
				Japanese,
				French,
				German,
				en,
				ja,
				Base,
			);
			mainGroup = 29B97314FDCFA39411CA2CEA /* Application */;
			projectDirPath = "";
			projectReferences = (
				{
					ProductGroup = 2C627C0B1C927A42006AD87E /* Products */;
					ProjectRef = 2C627C0A1C927A42006AD87E /* DonationReminder.xcodeproj */;
				},
			);
			projectRoot = "";
			targets = (
				2CDBB50308A066CA005B4E3D /* FilterScriptsPanel */,
			);
		};
/* End PBXProject section */

/* Begin PBXReferenceProxy section */
		2C627C0F1C927A43006AD87E /* DonationReminder.framework */ = {
			isa = PBXReferenceProxy;
			fileType = wrapper.framework;
			path = DonationReminder.framework;
			remoteRef = 2C627C0E1C927A43006AD87E /* PBXContainerItemProxy */;
			sourceTree = BUILT_PRODUCTS_DIR;
		};
/* End PBXReferenceProxy section */

/* Begin PBXResourcesBuildPhase section */
		2CDBB51308A066CA005B4E3D /* Resources */ = {
			isa = PBXResourcesBuildPhase;
			buildActionMask = 2147483647;
			files = (
				2CDBB51608A066CA005B4E3D /* Templates.zip in Resources */,
				2CDBB51708A066CA005B4E3D /* Scripts.zip in Resources */,
				2CA3150608AA7ED800ADA32C /* plus.png in Resources */,
				2CA3151B08AA7FF800ADA32C /* Reload.png in Resources */,
				2CA3154308AAEC4000ADA32C /* edit.png in Resources */,
				2CA3156508AB248200ADA32C /* UserDefaults.plist in Resources */,
				2C34089608AC72D8001F6FFA /* OpenFolderIcon.png in Resources */,
				2C16DE370A81DC5C00B4D6E3 /* HelpSetup.plist in Resources */,
				2C1B25ED19ADBE920019C374 /* MakeFolder.png in Resources */,
				2C1B25EF19ADBE9F0019C374 /* DarkBlueReload.png in Resources */,
				2C1B25F119ADBEAB0019C374 /* Reveal.tiff in Resources */,
				2C1B25F319ADBF1E0019C374 /* ToolbarDeleteIcon.icns in Resources */,
				2C6121C619AF2B3B000A80C6 /* FilterScriptsPanel.sdef in Resources */,
				2CCF630519B041DD006DCAFE /* Help.tiff in Resources */,
				2C627BE91C924D6D006AD87E /* PathExtra_Localizable.strings in Resources */,
				2C627C061C927411006AD87E /* FileTreeView_Localizable.strings in Resources */,
				2C627C091C927411006AD87E /* FileTreeView_Localizable.strings in Resources */,
				2C0B07C91C96CD21001DB206 /* Localizable.strings in Resources */,
				2C0B07CE1C96CE72001DB206 /* MainMenu.xib in Resources */,
				2C0B07CF1C96CE73001DB206 /* NewScriptWindow.xib in Resources */,
			);
			runOnlyForDeploymentPostprocessing = 0;
		};
/* End PBXResourcesBuildPhase section */

/* Begin PBXShellScriptBuildPhase section */
		2CB931B518668D3400554FD2 /* ShellScript */ = {
			isa = PBXShellScriptBuildPhase;
			buildActionMask = 8;
			files = (
			);
			inputPaths = (
			);
			outputPaths = (
			);
			runOnlyForDeploymentPostprocessing = 1;
			shellPath = /bin/sh;
			shellScript = "echo \"start SetupHelpBook\"\nif [ \"$BUILD_STYLE\" = 'Release' ]; then\necho \"hello\"\ncd \"$BUILT_PRODUCTS_DIR\"\nSetupHelpBook \"$FULL_PRODUCT_NAME\"\nfi\n";
		};
/* End PBXShellScriptBuildPhase section */

/* Begin PBXSourcesBuildPhase section */
		2CDBB51808A066CA005B4E3D /* Sources */ = {
			isa = PBXSourcesBuildPhase;
			buildActionMask = 2147483647;
			files = (
				2CDBB51908A066CA005B4E3D /* main.m in Sources */,
				2C3E043108A0A572007344A9 /* AppController.m in Sources */,
				2CF7350608A11823000BD158 /* ScriptRunner.m in Sources */,
				2C3FF6C619AAD16D0061C52B /* FileDatum.m in Sources */,
				2C3FF6CC19AAD16D0061C52B /* NSIndexPath_Extensions.m in Sources */,
				2C3FF6E119AAD2420061C52B /* ImageAndTextCell.m in Sources */,
				2C3FF86E19AB48D10061C52B /* ScriptRunnerController.m in Sources */,
				2C3FFAB419ACD2DD0061C52B /* ListWindowController.m in Sources */,
				2C61220919AF2D32000A80C6 /* ShowHelpCommand.m in Sources */,
				2C82893C19B0140100F54253 /* ShowWindowCommand.m in Sources */,
				2C627BE21C924CC3006AD87E /* NSRunningApplication+SmartActivate.m in Sources */,
				2C627BEB1C924D6D006AD87E /* PathExtra.m in Sources */,
				2C627BF01C924D7E006AD87E /* StringExtra.m in Sources */,
				2C627BF91C924D8C006AD87E /* FrontAppMonitor.m in Sources */,
				2C627BFB1C924D8C006AD87E /* PaletteWindowController.m in Sources */,
				2C627BFD1C924D8C006AD87E /* WindowVisibilityController.m in Sources */,
				2C627C081C927411006AD87E /* FileTreeNode.m in Sources */,
				2C627C141C928047006AD87E /* FileTreeDataController.m in Sources */,
			);
			runOnlyForDeploymentPostprocessing = 0;
		};
/* End PBXSourcesBuildPhase section */

/* Begin PBXTargetDependency section */
		2C627C111C927A70006AD87E /* PBXTargetDependency */ = {
			isa = PBXTargetDependency;
			name = DonationReminder;
			targetProxy = 2C627C101C927A70006AD87E /* PBXContainerItemProxy */;
		};
/* End PBXTargetDependency section */

/* Begin PBXVariantGroup section */
		2C0B07C71C96CD21001DB206 /* Localizable.strings */ = {
			isa = PBXVariantGroup;
			children = (
				2C0B07C81C96CD21001DB206 /* ja */,
			);
			name = Localizable.strings;
			sourceTree = "<group>";
		};
		2C0B07CA1C96CE72001DB206 /* MainMenu.xib */ = {
			isa = PBXVariantGroup;
			children = (
				2C0B07CB1C96CE72001DB206 /* Base */,
				2C0B07D01C96CE79001DB206 /* ja */,
			);
			name = MainMenu.xib;
			sourceTree = "<group>";
		};
		2C0B07CC1C96CE72001DB206 /* NewScriptWindow.xib */ = {
			isa = PBXVariantGroup;
			children = (
				2C0B07CD1C96CE72001DB206 /* Base */,
				2C0B07D11C96CE7D001DB206 /* ja */,
			);
			name = NewScriptWindow.xib;
			sourceTree = "<group>";
		};
		2C627BE41C924D6D006AD87E /* PathExtra_Localizable.strings */ = {
			isa = PBXVariantGroup;
			children = (
				2C627BE51C924D6D006AD87E /* en */,
				2C627BE61C924D6D006AD87E /* ja */,
			);
			name = PathExtra_Localizable.strings;
			sourceTree = "<group>";
		};
		2C627BFF1C927411006AD87E /* FileTreeView_Localizable.strings */ = {
			isa = PBXVariantGroup;
			children = (
				2C627C001C927411006AD87E /* en */,
			);
			name = FileTreeView_Localizable.strings;
			sourceTree = "<group>";
		};
		2C627C041C927411006AD87E /* FileTreeView_Localizable.strings */ = {
			isa = PBXVariantGroup;
			children = (
				2C627C051C927411006AD87E /* ja */,
			);
			name = FileTreeView_Localizable.strings;
			sourceTree = "<group>";
		};
/* End PBXVariantGroup section */

/* Begin XCBuildConfiguration section */
		2C59245609A067BD000BC6BA /* Debug */ = {
			isa = XCBuildConfiguration;
			buildSettings = {
				CLANG_ENABLE_OBJC_ARC = YES;
				COPYRIGHT = "Copyright 2005-2016, Tetsuro KURITA";
				FRAMEWORK_SEARCH_PATHS = (
					"$(inherited)",
					"$(FRAMEWORK_SEARCH_PATHS_QUOTED_1)",
				);
				GCC_DYNAMIC_NO_PIC = NO;
				GCC_ENABLE_FIX_AND_CONTINUE = YES;
				GCC_OPTIMIZATION_LEVEL = 0;
				INFOPLIST_FILE = Info.plist;
				INSTALL_PATH = "$(HOME)/Applications";
				PRODUCT_NAME = FilterScriptsPanel;
				PRODUCT_VERSION = 3.1;
				WARNING_CFLAGS = (
					"-Wmost",
					"-Wno-four-char-constants",
					"-Wno-unknown-pragmas",
				);
				WRAPPER_EXTENSION = app;
			};
			name = Debug;
		};
		2C59245709A067BD000BC6BA /* Release */ = {
			isa = XCBuildConfiguration;
			buildSettings = {
				CLANG_ENABLE_OBJC_ARC = YES;
				COPYRIGHT = "Copyright 2005-2016, Tetsuro KURITA";
				CURRENT_PROJECT_VERSION = 14;
				FRAMEWORK_SEARCH_PATHS = (
					"$(inherited)",
					"$(FRAMEWORK_SEARCH_PATHS_QUOTED_1)",
				);
				GCC_ENABLE_FIX_AND_CONTINUE = NO;
				INFOPLIST_FILE = Info.plist;
				INSTALL_PATH = "/Library/Application Support/mi3/FilterScripts";
				PRODUCT_NAME = FilterScriptsPanel;
				PRODUCT_VERSION = 3.1;
				VERSIONING_SYSTEM = apple_generic;
				WARNING_CFLAGS = (
					"-Wmost",
					"-Wno-four-char-constants",
					"-Wno-unknown-pragmas",
				);
				WRAPPER_EXTENSION = app;
			};
			name = Release;
		};
		2C59245809A067BD000BC6BA /* SDDebug */ = {
			isa = XCBuildConfiguration;
			buildSettings = {
				CLANG_ENABLE_OBJC_ARC = YES;
				COPYRIGHT = "Copyright 2005-2016, Tetsuro KURITA";
				FRAMEWORK_SEARCH_PATHS = (
					"$(inherited)",
					"$(FRAMEWORK_SEARCH_PATHS_QUOTED_1)",
				);
				GCC_OPTIMIZATION_LEVEL = 0;
				INFOPLIST_FILE = Info.plist;
				INSTALL_PATH = "$(HOME)/Applications";
				PRODUCT_NAME = FilterScriptsPanel;
				PRODUCT_VERSION = 3.1;
				WARNING_CFLAGS = (
					"-Wmost",
					"-Wno-four-char-constants",
					"-Wno-unknown-pragmas",
				);
				WRAPPER_EXTENSION = app;
			};
			name = SDDebug;
		};
		2C59245909A067BD000BC6BA /* Default */ = {
			isa = XCBuildConfiguration;
			buildSettings = {
				CLANG_ENABLE_OBJC_ARC = YES;
				COPYRIGHT = "Copyright 2005-2016, Tetsuro KURITA";
				FRAMEWORK_SEARCH_PATHS = (
					"$(inherited)",
					"$(FRAMEWORK_SEARCH_PATHS_QUOTED_1)",
				);
				INFOPLIST_FILE = Info.plist;
				INSTALL_PATH = "$(HOME)/Applications";
				PRODUCT_NAME = FilterScriptsPanel;
				PRODUCT_VERSION = 3.1;
				WARNING_CFLAGS = (
					"-Wmost",
					"-Wno-four-char-constants",
					"-Wno-unknown-pragmas",
				);
				WRAPPER_EXTENSION = app;
			};
			name = Default;
		};
		2C59245B09A067BD000BC6BA /* Debug */ = {
			isa = XCBuildConfiguration;
			buildSettings = {
				ARCHS = "$(ARCHS_STANDARD_64_BIT)";
				GCC_C_LANGUAGE_STANDARD = c99;
				GCC_ENABLE_OBJC_EXCEPTIONS = YES;
				MACOSX_DEPLOYMENT_TARGET = 10.8;
				SDKROOT = macosx;
			};
			name = Debug;
		};
		2C59245C09A067BD000BC6BA /* Release */ = {
			isa = XCBuildConfiguration;
			buildSettings = {
				ARCHS = "$(ARCHS_STANDARD_64_BIT)";
				GCC_C_LANGUAGE_STANDARD = c99;
				GCC_ENABLE_OBJC_EXCEPTIONS = YES;
				MACOSX_DEPLOYMENT_TARGET = 10.8;
				SDKROOT = macosx;
			};
			name = Release;
		};
		2C59245D09A067BD000BC6BA /* SDDebug */ = {
			isa = XCBuildConfiguration;
			buildSettings = {
				ARCHS = "$(ARCHS_STANDARD_64_BIT)";
				GCC_C_LANGUAGE_STANDARD = c99;
				MACOSX_DEPLOYMENT_TARGET = 10.8;
				SDKROOT = macosx;
			};
			name = SDDebug;
		};
		2C59245E09A067BD000BC6BA /* Default */ = {
			isa = XCBuildConfiguration;
			buildSettings = {
				ARCHS = "$(ARCHS_STANDARD_64_BIT)";
				GCC_C_LANGUAGE_STANDARD = c99;
				GCC_ENABLE_OBJC_EXCEPTIONS = YES;
				MACOSX_DEPLOYMENT_TARGET = 10.8;
				SDKROOT = macosx;
			};
			name = Default;
		};
/* End XCBuildConfiguration section */

/* Begin XCConfigurationList section */
		2C59245509A067BD000BC6BA /* Build configuration list for PBXNativeTarget "FilterScriptsPanel" */ = {
			isa = XCConfigurationList;
			buildConfigurations = (
				2C59245609A067BD000BC6BA /* Debug */,
				2C59245709A067BD000BC6BA /* Release */,
				2C59245809A067BD000BC6BA /* SDDebug */,
				2C59245909A067BD000BC6BA /* Default */,
			);
			defaultConfigurationIsVisible = 0;
			defaultConfigurationName = Release;
		};
		2C59245A09A067BD000BC6BA /* Build configuration list for PBXProject "FilterScriptsPanel" */ = {
			isa = XCConfigurationList;
			buildConfigurations = (
				2C59245B09A067BD000BC6BA /* Debug */,
				2C59245C09A067BD000BC6BA /* Release */,
				2C59245D09A067BD000BC6BA /* SDDebug */,
				2C59245E09A067BD000BC6BA /* Default */,
			);
			defaultConfigurationIsVisible = 0;
			defaultConfigurationName = Release;
		};
/* End XCConfigurationList section */
	};
	rootObject = 29B97313FDCFA39411CA2CEA /* Project object */;
}
